// !$*UTF8*$!
{
	archiveVersion = 1;
	classes = {
	};
	objectVersion = 48;
	objects = {

/* Begin PBXBuildFile section */
		A51E7D0355090E304C472BD5 /* Pods_Chronicles.framework in Frameworks */ = {isa = PBXBuildFile; fileRef = D57AA98649C4A09D37607B1C /* Pods_Chronicles.framework */; };
		DB0956801FCB33DD006BB7D1 /* DataAccessModelBase.swift in Sources */ = {isa = PBXBuildFile; fileRef = DB09567F1FCB33DD006BB7D1 /* DataAccessModelBase.swift */; };
		DB327AEC1FB6181300EAA75D /* HomeViewModel.swift in Sources */ = {isa = PBXBuildFile; fileRef = DB327AEB1FB6181300EAA75D /* HomeViewModel.swift */; };
		DB327AEE1FB622ED00EAA75D /* HomeDataAccessModel.swift in Sources */ = {isa = PBXBuildFile; fileRef = DB327AED1FB622ED00EAA75D /* HomeDataAccessModel.swift */; };
		DB32F4A51FB7BA30007BB2F2 /* HomeDataModelExtensions.swift in Sources */ = {isa = PBXBuildFile; fileRef = DB32F4A41FB7BA30007BB2F2 /* HomeDataModelExtensions.swift */; };
		DB32F4A81FB8A6F0007BB2F2 /* HomeInputViewController.swift in Sources */ = {isa = PBXBuildFile; fileRef = DB32F4A71FB8A6F0007BB2F2 /* HomeInputViewController.swift */; };
		DB32F4AB1FB8C337007BB2F2 /* Dismissal.swift in Sources */ = {isa = PBXBuildFile; fileRef = DB32F4AA1FB8C337007BB2F2 /* Dismissal.swift */; };
		DB4896031FB0E06800D3AA43 /* NavigationController.swift in Sources */ = {isa = PBXBuildFile; fileRef = DB4896021FB0E06800D3AA43 /* NavigationController.swift */; };
		DBAEFAFD1FC38CC20020CDAC /* HomeDashboardView.swift in Sources */ = {isa = PBXBuildFile; fileRef = DBAEFAFC1FC38CC20020CDAC /* HomeDashboardView.swift */; };
		DBAEFAFF1FC5C96C0020CDAC /* PersonDataAccessModel.swift in Sources */ = {isa = PBXBuildFile; fileRef = DBAEFAFE1FC5C96C0020CDAC /* PersonDataAccessModel.swift */; };
		DBAEFB011FCA28BD0020CDAC /* PersonDataModelExtension.swift in Sources */ = {isa = PBXBuildFile; fileRef = DBAEFB001FCA28BD0020CDAC /* PersonDataModelExtension.swift */; };
		DBCD843E1FC099D700B60590 /* JobsViewModel.swift in Sources */ = {isa = PBXBuildFile; fileRef = DBCD843D1FC099D700B60590 /* JobsViewModel.swift */; };
		DBCD84401FC0D2DB00B60590 /* JobDataEntryViewController.swift in Sources */ = {isa = PBXBuildFile; fileRef = DBCD843F1FC0D2DB00B60590 /* JobDataEntryViewController.swift */; };
		DBCD84441FC1FB2900B60590 /* JobsTableView.swift in Sources */ = {isa = PBXBuildFile; fileRef = DBCD84431FC1FB2900B60590 /* JobsTableView.swift */; };
		DBCD84471FC1FEB000B60590 /* JobTableCell.swift in Sources */ = {isa = PBXBuildFile; fileRef = DBCD84461FC1FEB000B60590 /* JobTableCell.swift */; };
		DBCD84491FC2096B00B60590 /* JobsTableDataSource.swift in Sources */ = {isa = PBXBuildFile; fileRef = DBCD84481FC2096B00B60590 /* JobsTableDataSource.swift */; };
		DBEEC0E31FBBCC6500CA8F55 /* JobDataAccessModel.swift in Sources */ = {isa = PBXBuildFile; fileRef = DBEEC0E21FBBCC6500CA8F55 /* JobDataAccessModel.swift */; };
		DBEEC0E51FBBCE9000CA8F55 /* JobsDataModelExtensions.swift in Sources */ = {isa = PBXBuildFile; fileRef = DBEEC0E41FBBCE9000CA8F55 /* JobsDataModelExtensions.swift */; };
		DBF2925F1F9EBC8600760EB8 /* AppDelegate.swift in Sources */ = {isa = PBXBuildFile; fileRef = DBF2925E1F9EBC8600760EB8 /* AppDelegate.swift */; };
		DBF292611F9EBC8600760EB8 /* HomeViewController.swift in Sources */ = {isa = PBXBuildFile; fileRef = DBF292601F9EBC8600760EB8 /* HomeViewController.swift */; };
		DBF292641F9EBC8600760EB8 /* Main.storyboard in Resources */ = {isa = PBXBuildFile; fileRef = DBF292621F9EBC8600760EB8 /* Main.storyboard */; };
		DBF292671F9EBC8600760EB8 /* Chronicles.xcdatamodeld in Sources */ = {isa = PBXBuildFile; fileRef = DBF292651F9EBC8600760EB8 /* Chronicles.xcdatamodeld */; };
		DBF292691F9EBC8600760EB8 /* Assets.xcassets in Resources */ = {isa = PBXBuildFile; fileRef = DBF292681F9EBC8600760EB8 /* Assets.xcassets */; };
		DBF2926C1F9EBC8600760EB8 /* LaunchScreen.storyboard in Resources */ = {isa = PBXBuildFile; fileRef = DBF2926A1F9EBC8600760EB8 /* LaunchScreen.storyboard */; };
		DBF292771F9EBC8600760EB8 /* ChroniclesTests.swift in Sources */ = {isa = PBXBuildFile; fileRef = DBF292761F9EBC8600760EB8 /* ChroniclesTests.swift */; };
		DBF292821F9EBC8600760EB8 /* ChroniclesUITests.swift in Sources */ = {isa = PBXBuildFile; fileRef = DBF292811F9EBC8600760EB8 /* ChroniclesUITests.swift */; };
		DBF292901FAA82A400760EB8 /* Constants.swift in Sources */ = {isa = PBXBuildFile; fileRef = DBF2928F1FAA82A400760EB8 /* Constants.swift */; };
		DBF292921FABD2C600760EB8 /* ChroniclesTabBarController.swift in Sources */ = {isa = PBXBuildFile; fileRef = DBF292911FABD2C600760EB8 /* ChroniclesTabBarController.swift */; };
		DBF292941FABE04D00760EB8 /* JobsTableViewController.swift in Sources */ = {isa = PBXBuildFile; fileRef = DBF292931FABE04D00760EB8 /* JobsTableViewController.swift */; };
/* End PBXBuildFile section */

/* Begin PBXContainerItemProxy section */
		DBF292731F9EBC8600760EB8 /* PBXContainerItemProxy */ = {
			isa = PBXContainerItemProxy;
			containerPortal = DBF292531F9EBC8600760EB8 /* Project object */;
			proxyType = 1;
			remoteGlobalIDString = DBF2925A1F9EBC8600760EB8;
			remoteInfo = Chronicles;
		};
		DBF2927E1F9EBC8600760EB8 /* PBXContainerItemProxy */ = {
			isa = PBXContainerItemProxy;
			containerPortal = DBF292531F9EBC8600760EB8 /* Project object */;
			proxyType = 1;
			remoteGlobalIDString = DBF2925A1F9EBC8600760EB8;
			remoteInfo = Chronicles;
		};
/* End PBXContainerItemProxy section */

/* Begin PBXFileReference section */
		49BD6E09D50120CDAC813312 /* Pods-Chronicles.debug.xcconfig */ = {isa = PBXFileReference; includeInIndex = 1; lastKnownFileType = text.xcconfig; name = "Pods-Chronicles.debug.xcconfig"; path = "Pods/Target Support Files/Pods-Chronicles/Pods-Chronicles.debug.xcconfig"; sourceTree = "<group>"; };
		523E5B9DA72A2E201ECE39EA /* Pods_ChroniclesUITests.framework */ = {isa = PBXFileReference; explicitFileType = wrapper.framework; includeInIndex = 0; path = Pods_ChroniclesUITests.framework; sourceTree = BUILT_PRODUCTS_DIR; };
		5F687699C2AEFC2AAFC85F95 /* Pods_ChroniclesTests.framework */ = {isa = PBXFileReference; explicitFileType = wrapper.framework; includeInIndex = 0; path = Pods_ChroniclesTests.framework; sourceTree = BUILT_PRODUCTS_DIR; };
		6A11DE656FF94EF8085E2895 /* Pods-Chronicles.release.xcconfig */ = {isa = PBXFileReference; includeInIndex = 1; lastKnownFileType = text.xcconfig; name = "Pods-Chronicles.release.xcconfig"; path = "Pods/Target Support Files/Pods-Chronicles/Pods-Chronicles.release.xcconfig"; sourceTree = "<group>"; };
		D57AA98649C4A09D37607B1C /* Pods_Chronicles.framework */ = {isa = PBXFileReference; explicitFileType = wrapper.framework; includeInIndex = 0; path = Pods_Chronicles.framework; sourceTree = BUILT_PRODUCTS_DIR; };
		DB09567F1FCB33DD006BB7D1 /* DataAccessModelBase.swift */ = {isa = PBXFileReference; lastKnownFileType = sourcecode.swift; path = DataAccessModelBase.swift; sourceTree = "<group>"; };
		DB327AEB1FB6181300EAA75D /* HomeViewModel.swift */ = {isa = PBXFileReference; lastKnownFileType = sourcecode.swift; path = HomeViewModel.swift; sourceTree = "<group>"; };
		DB327AED1FB622ED00EAA75D /* HomeDataAccessModel.swift */ = {isa = PBXFileReference; lastKnownFileType = sourcecode.swift; path = HomeDataAccessModel.swift; sourceTree = "<group>"; };
		DB32F4A41FB7BA30007BB2F2 /* HomeDataModelExtensions.swift */ = {isa = PBXFileReference; lastKnownFileType = sourcecode.swift; path = HomeDataModelExtensions.swift; sourceTree = "<group>"; };
		DB32F4A71FB8A6F0007BB2F2 /* HomeInputViewController.swift */ = {isa = PBXFileReference; lastKnownFileType = sourcecode.swift; path = HomeInputViewController.swift; sourceTree = "<group>"; };
		DB32F4AA1FB8C337007BB2F2 /* Dismissal.swift */ = {isa = PBXFileReference; lastKnownFileType = sourcecode.swift; path = Dismissal.swift; sourceTree = "<group>"; };
		DB4895FF1FACBB4700D3AA43 /* Chronicles-Bridging-Header.h */ = {isa = PBXFileReference; lastKnownFileType = sourcecode.c.h; path = "Chronicles-Bridging-Header.h"; sourceTree = "<group>"; };
		DB4896021FB0E06800D3AA43 /* NavigationController.swift */ = {isa = PBXFileReference; lastKnownFileType = sourcecode.swift; path = NavigationController.swift; sourceTree = "<group>"; };
		DBAEFAFC1FC38CC20020CDAC /* HomeDashboardView.swift */ = {isa = PBXFileReference; lastKnownFileType = sourcecode.swift; path = HomeDashboardView.swift; sourceTree = "<group>"; };
		DBAEFAFE1FC5C96C0020CDAC /* PersonDataAccessModel.swift */ = {isa = PBXFileReference; lastKnownFileType = sourcecode.swift; path = PersonDataAccessModel.swift; sourceTree = "<group>"; };
		DBAEFB001FCA28BD0020CDAC /* PersonDataModelExtension.swift */ = {isa = PBXFileReference; lastKnownFileType = sourcecode.swift; path = PersonDataModelExtension.swift; sourceTree = "<group>"; };
		DBCD843D1FC099D700B60590 /* JobsViewModel.swift */ = {isa = PBXFileReference; lastKnownFileType = sourcecode.swift; path = JobsViewModel.swift; sourceTree = "<group>"; };
		DBCD843F1FC0D2DB00B60590 /* JobDataEntryViewController.swift */ = {isa = PBXFileReference; lastKnownFileType = sourcecode.swift; path = JobDataEntryViewController.swift; sourceTree = "<group>"; };
		DBCD84431FC1FB2900B60590 /* JobsTableView.swift */ = {isa = PBXFileReference; lastKnownFileType = sourcecode.swift; path = JobsTableView.swift; sourceTree = "<group>"; };
		DBCD84461FC1FEB000B60590 /* JobTableCell.swift */ = {isa = PBXFileReference; lastKnownFileType = sourcecode.swift; path = JobTableCell.swift; sourceTree = "<group>"; };
		DBCD84481FC2096B00B60590 /* JobsTableDataSource.swift */ = {isa = PBXFileReference; lastKnownFileType = sourcecode.swift; path = JobsTableDataSource.swift; sourceTree = "<group>"; };
		DBEEC0E21FBBCC6500CA8F55 /* JobDataAccessModel.swift */ = {isa = PBXFileReference; lastKnownFileType = sourcecode.swift; path = JobDataAccessModel.swift; sourceTree = "<group>"; };
		DBEEC0E41FBBCE9000CA8F55 /* JobsDataModelExtensions.swift */ = {isa = PBXFileReference; lastKnownFileType = sourcecode.swift; path = JobsDataModelExtensions.swift; sourceTree = "<group>"; };
		DBF2925B1F9EBC8600760EB8 /* Chronicles.app */ = {isa = PBXFileReference; explicitFileType = wrapper.application; includeInIndex = 0; path = Chronicles.app; sourceTree = BUILT_PRODUCTS_DIR; };
		DBF2925E1F9EBC8600760EB8 /* AppDelegate.swift */ = {isa = PBXFileReference; lastKnownFileType = sourcecode.swift; path = AppDelegate.swift; sourceTree = "<group>"; };
		DBF292601F9EBC8600760EB8 /* HomeViewController.swift */ = {isa = PBXFileReference; lastKnownFileType = sourcecode.swift; path = HomeViewController.swift; sourceTree = "<group>"; };
		DBF292631F9EBC8600760EB8 /* Base */ = {isa = PBXFileReference; lastKnownFileType = file.storyboard; name = Base; path = Base.lproj/Main.storyboard; sourceTree = "<group>"; };
		DBF292661F9EBC8600760EB8 /* Chronicles.xcdatamodel */ = {isa = PBXFileReference; lastKnownFileType = wrapper.xcdatamodel; path = Chronicles.xcdatamodel; sourceTree = "<group>"; };
		DBF292681F9EBC8600760EB8 /* Assets.xcassets */ = {isa = PBXFileReference; lastKnownFileType = folder.assetcatalog; path = Assets.xcassets; sourceTree = "<group>"; };
		DBF2926B1F9EBC8600760EB8 /* Base */ = {isa = PBXFileReference; lastKnownFileType = file.storyboard; name = Base; path = Base.lproj/LaunchScreen.storyboard; sourceTree = "<group>"; };
		DBF2926D1F9EBC8600760EB8 /* Info.plist */ = {isa = PBXFileReference; lastKnownFileType = text.plist.xml; path = Info.plist; sourceTree = "<group>"; };
		DBF292721F9EBC8600760EB8 /* ChroniclesTests.xctest */ = {isa = PBXFileReference; explicitFileType = wrapper.cfbundle; includeInIndex = 0; path = ChroniclesTests.xctest; sourceTree = BUILT_PRODUCTS_DIR; };
		DBF292761F9EBC8600760EB8 /* ChroniclesTests.swift */ = {isa = PBXFileReference; lastKnownFileType = sourcecode.swift; path = ChroniclesTests.swift; sourceTree = "<group>"; };
		DBF292781F9EBC8600760EB8 /* Info.plist */ = {isa = PBXFileReference; lastKnownFileType = text.plist.xml; path = Info.plist; sourceTree = "<group>"; };
		DBF2927D1F9EBC8600760EB8 /* ChroniclesUITests.xctest */ = {isa = PBXFileReference; explicitFileType = wrapper.cfbundle; includeInIndex = 0; path = ChroniclesUITests.xctest; sourceTree = BUILT_PRODUCTS_DIR; };
		DBF292811F9EBC8600760EB8 /* ChroniclesUITests.swift */ = {isa = PBXFileReference; lastKnownFileType = sourcecode.swift; path = ChroniclesUITests.swift; sourceTree = "<group>"; };
		DBF292831F9EBC8600760EB8 /* Info.plist */ = {isa = PBXFileReference; lastKnownFileType = text.plist.xml; path = Info.plist; sourceTree = "<group>"; };
		DBF2928F1FAA82A400760EB8 /* Constants.swift */ = {isa = PBXFileReference; lastKnownFileType = sourcecode.swift; path = Constants.swift; sourceTree = "<group>"; };
		DBF292911FABD2C600760EB8 /* ChroniclesTabBarController.swift */ = {isa = PBXFileReference; lastKnownFileType = sourcecode.swift; path = ChroniclesTabBarController.swift; sourceTree = "<group>"; };
		DBF292931FABE04D00760EB8 /* JobsTableViewController.swift */ = {isa = PBXFileReference; lastKnownFileType = sourcecode.swift; path = JobsTableViewController.swift; sourceTree = "<group>"; };
/* End PBXFileReference section */

/* Begin PBXFrameworksBuildPhase section */
		DBF292581F9EBC8600760EB8 /* Frameworks */ = {
			isa = PBXFrameworksBuildPhase;
			buildActionMask = 2147483647;
			files = (
				A51E7D0355090E304C472BD5 /* Pods_Chronicles.framework in Frameworks */,
			);
			runOnlyForDeploymentPostprocessing = 0;
		};
		DBF2926F1F9EBC8600760EB8 /* Frameworks */ = {
			isa = PBXFrameworksBuildPhase;
			buildActionMask = 2147483647;
			files = (
			);
			runOnlyForDeploymentPostprocessing = 0;
		};
		DBF2927A1F9EBC8600760EB8 /* Frameworks */ = {
			isa = PBXFrameworksBuildPhase;
			buildActionMask = 2147483647;
			files = (
			);
			runOnlyForDeploymentPostprocessing = 0;
		};
/* End PBXFrameworksBuildPhase section */

/* Begin PBXGroup section */
		43A4B3845E871F5A4F971E77 /* Pods */ = {
			isa = PBXGroup;
			children = (
				49BD6E09D50120CDAC813312 /* Pods-Chronicles.debug.xcconfig */,
				6A11DE656FF94EF8085E2895 /* Pods-Chronicles.release.xcconfig */,
			);
			name = Pods;
			sourceTree = "<group>";
		};
		DA0FBB3ED0A14787327D5139 /* Frameworks */ = {
			isa = PBXGroup;
			children = (
				5F687699C2AEFC2AAFC85F95 /* Pods_ChroniclesTests.framework */,
				523E5B9DA72A2E201ECE39EA /* Pods_ChroniclesUITests.framework */,
				D57AA98649C4A09D37607B1C /* Pods_Chronicles.framework */,
			);
			name = Frameworks;
			sourceTree = "<group>";
		};
		DB09567E1FCB33C9006BB7D1 /* Person */ = {
			isa = PBXGroup;
			children = (
				DBAEFAFE1FC5C96C0020CDAC /* PersonDataAccessModel.swift */,
				DBAEFB001FCA28BD0020CDAC /* PersonDataModelExtension.swift */,
			);
			path = Person;
			sourceTree = "<group>";
		};
		DB327AE61FB1110F00EAA75D /* Models */ = {
			isa = PBXGroup;
			children = (
				DB09567E1FCB33C9006BB7D1 /* Person */,
				DBAEFAFB1FC384FA0020CDAC /* Jobs */,
				DBAEFAFA1FC384EF0020CDAC /* Home */,
				DB09567F1FCB33DD006BB7D1 /* DataAccessModelBase.swift */,
			);
			path = Models;
			sourceTree = "<group>";
		};
		DB327AE91FB6176F00EAA75D /* ViewModels */ = {
			isa = PBXGroup;
			children = (
				DB327AEB1FB6181300EAA75D /* HomeViewModel.swift */,
				DBCD843D1FC099D700B60590 /* JobsViewModel.swift */,
			);
			path = ViewModels;
			sourceTree = "<group>";
		};
		DB32F4A61FB8A6DB007BB2F2 /* Forms */ = {
			isa = PBXGroup;
			children = (
				DB32F4A71FB8A6F0007BB2F2 /* HomeInputViewController.swift */,
				DBCD843F1FC0D2DB00B60590 /* JobDataEntryViewController.swift */,
			);
			path = Forms;
			sourceTree = "<group>";
		};
		DB32F4A91FB8C323007BB2F2 /* Helpers */ = {
			isa = PBXGroup;
			children = (
				DB32F4AA1FB8C337007BB2F2 /* Dismissal.swift */,
			);
			path = Helpers;
			sourceTree = "<group>";
		};
		DB4895FE1FACB5FE00D3AA43 /* Views */ = {
			isa = PBXGroup;
			children = (
				DBCD84451FC1FEA200B60590 /* Cells */,
				DBCD84421FC1FAE500B60590 /* Tables */,
				DBF292911FABD2C600760EB8 /* ChroniclesTabBarController.swift */,
				DBCD84411FC1FAB600B60590 /* MainControllers */,
				DB32F4A61FB8A6DB007BB2F2 /* Forms */,
				DB4896021FB0E06800D3AA43 /* NavigationController.swift */,
				DBAEFAFC1FC38CC20020CDAC /* HomeDashboardView.swift */,
			);
			path = Views;
			sourceTree = "<group>";
		};
		DBAEFAFA1FC384EF0020CDAC /* Home */ = {
			isa = PBXGroup;
			children = (
				DB327AED1FB622ED00EAA75D /* HomeDataAccessModel.swift */,
				DB32F4A41FB7BA30007BB2F2 /* HomeDataModelExtensions.swift */,
			);
			path = Home;
			sourceTree = "<group>";
		};
		DBAEFAFB1FC384FA0020CDAC /* Jobs */ = {
			isa = PBXGroup;
			children = (
				DBEEC0E21FBBCC6500CA8F55 /* JobDataAccessModel.swift */,
				DBEEC0E41FBBCE9000CA8F55 /* JobsDataModelExtensions.swift */,
			);
			path = Jobs;
			sourceTree = "<group>";
		};
		DBCD84411FC1FAB600B60590 /* MainControllers */ = {
			isa = PBXGroup;
			children = (
				DBF292931FABE04D00760EB8 /* JobsTableViewController.swift */,
				DBF292601F9EBC8600760EB8 /* HomeViewController.swift */,
			);
			path = MainControllers;
			sourceTree = "<group>";
		};
		DBCD84421FC1FAE500B60590 /* Tables */ = {
			isa = PBXGroup;
			children = (
				DBCD84431FC1FB2900B60590 /* JobsTableView.swift */,
				DBCD84481FC2096B00B60590 /* JobsTableDataSource.swift */,
			);
			path = Tables;
			sourceTree = "<group>";
		};
		DBCD84451FC1FEA200B60590 /* Cells */ = {
			isa = PBXGroup;
			children = (
				DBCD84461FC1FEB000B60590 /* JobTableCell.swift */,
			);
			path = Cells;
			sourceTree = "<group>";
		};
		DBF292521F9EBC8600760EB8 = {
			isa = PBXGroup;
			children = (
				DBF2925D1F9EBC8600760EB8 /* Chronicles */,
				DBF292751F9EBC8600760EB8 /* ChroniclesTests */,
				DBF292801F9EBC8600760EB8 /* ChroniclesUITests */,
				DBF2925C1F9EBC8600760EB8 /* Products */,
				43A4B3845E871F5A4F971E77 /* Pods */,
				DA0FBB3ED0A14787327D5139 /* Frameworks */,
			);
			sourceTree = "<group>";
		};
		DBF2925C1F9EBC8600760EB8 /* Products */ = {
			isa = PBXGroup;
			children = (
				DBF2925B1F9EBC8600760EB8 /* Chronicles.app */,
				DBF292721F9EBC8600760EB8 /* ChroniclesTests.xctest */,
				DBF2927D1F9EBC8600760EB8 /* ChroniclesUITests.xctest */,
			);
			name = Products;
			sourceTree = "<group>";
		};
		DBF2925D1F9EBC8600760EB8 /* Chronicles */ = {
			isa = PBXGroup;
			children = (
				DB32F4A91FB8C323007BB2F2 /* Helpers */,
				DB327AE91FB6176F00EAA75D /* ViewModels */,
				DB327AE61FB1110F00EAA75D /* Models */,
				DB4895FF1FACBB4700D3AA43 /* Chronicles-Bridging-Header.h */,
				DBF2925E1F9EBC8600760EB8 /* AppDelegate.swift */,
				DB4895FE1FACB5FE00D3AA43 /* Views */,
				DBF292621F9EBC8600760EB8 /* Main.storyboard */,
				DBF292681F9EBC8600760EB8 /* Assets.xcassets */,
				DBF2926A1F9EBC8600760EB8 /* LaunchScreen.storyboard */,
				DBF2926D1F9EBC8600760EB8 /* Info.plist */,
				DBF292651F9EBC8600760EB8 /* Chronicles.xcdatamodeld */,
				DBF2928F1FAA82A400760EB8 /* Constants.swift */,
			);
			path = Chronicles;
			sourceTree = "<group>";
		};
		DBF292751F9EBC8600760EB8 /* ChroniclesTests */ = {
			isa = PBXGroup;
			children = (
				DBF292761F9EBC8600760EB8 /* ChroniclesTests.swift */,
				DBF292781F9EBC8600760EB8 /* Info.plist */,
			);
			path = ChroniclesTests;
			sourceTree = "<group>";
		};
		DBF292801F9EBC8600760EB8 /* ChroniclesUITests */ = {
			isa = PBXGroup;
			children = (
				DBF292811F9EBC8600760EB8 /* ChroniclesUITests.swift */,
				DBF292831F9EBC8600760EB8 /* Info.plist */,
			);
			path = ChroniclesUITests;
			sourceTree = "<group>";
		};
/* End PBXGroup section */

/* Begin PBXNativeTarget section */
		DBF2925A1F9EBC8600760EB8 /* Chronicles */ = {
			isa = PBXNativeTarget;
			buildConfigurationList = DBF292861F9EBC8600760EB8 /* Build configuration list for PBXNativeTarget "Chronicles" */;
			buildPhases = (
				711A25A7A7409BBBFD2EFCB3 /* [CP] Check Pods Manifest.lock */,
				DBF292571F9EBC8600760EB8 /* Sources */,
				DBF292581F9EBC8600760EB8 /* Frameworks */,
				DBF292591F9EBC8600760EB8 /* Resources */,
				152CA11955BCAF82ED1DED05 /* [CP] Embed Pods Frameworks */,
				AA7B64BBE522877FA9D08068 /* [CP] Copy Pods Resources */,
			);
			buildRules = (
			);
			dependencies = (
			);
			name = Chronicles;
			productName = Chronicles;
			productReference = DBF2925B1F9EBC8600760EB8 /* Chronicles.app */;
			productType = "com.apple.product-type.application";
		};
		DBF292711F9EBC8600760EB8 /* ChroniclesTests */ = {
			isa = PBXNativeTarget;
			buildConfigurationList = DBF292891F9EBC8600760EB8 /* Build configuration list for PBXNativeTarget "ChroniclesTests" */;
			buildPhases = (
				DBF2926E1F9EBC8600760EB8 /* Sources */,
				DBF2926F1F9EBC8600760EB8 /* Frameworks */,
				DBF292701F9EBC8600760EB8 /* Resources */,
			);
			buildRules = (
			);
			dependencies = (
				DBF292741F9EBC8600760EB8 /* PBXTargetDependency */,
			);
			name = ChroniclesTests;
			productName = ChroniclesTests;
			productReference = DBF292721F9EBC8600760EB8 /* ChroniclesTests.xctest */;
			productType = "com.apple.product-type.bundle.unit-test";
		};
		DBF2927C1F9EBC8600760EB8 /* ChroniclesUITests */ = {
			isa = PBXNativeTarget;
			buildConfigurationList = DBF2928C1F9EBC8600760EB8 /* Build configuration list for PBXNativeTarget "ChroniclesUITests" */;
			buildPhases = (
				DBF292791F9EBC8600760EB8 /* Sources */,
				DBF2927A1F9EBC8600760EB8 /* Frameworks */,
				DBF2927B1F9EBC8600760EB8 /* Resources */,
			);
			buildRules = (
			);
			dependencies = (
				DBF2927F1F9EBC8600760EB8 /* PBXTargetDependency */,
			);
			name = ChroniclesUITests;
			productName = ChroniclesUITests;
			productReference = DBF2927D1F9EBC8600760EB8 /* ChroniclesUITests.xctest */;
			productType = "com.apple.product-type.bundle.ui-testing";
		};
/* End PBXNativeTarget section */

/* Begin PBXProject section */
		DBF292531F9EBC8600760EB8 /* Project object */ = {
			isa = PBXProject;
			attributes = {
				LastSwiftUpdateCheck = 0900;
				LastUpgradeCheck = 0900;
				ORGANIZATIONNAME = AireCodes;
				TargetAttributes = {
					DBF2925A1F9EBC8600760EB8 = {
						CreatedOnToolsVersion = 9.0.1;
						ProvisioningStyle = Automatic;
					};
					DBF292711F9EBC8600760EB8 = {
						CreatedOnToolsVersion = 9.0.1;
						ProvisioningStyle = Automatic;
						TestTargetID = DBF2925A1F9EBC8600760EB8;
					};
					DBF2927C1F9EBC8600760EB8 = {
						CreatedOnToolsVersion = 9.0.1;
						ProvisioningStyle = Automatic;
						TestTargetID = DBF2925A1F9EBC8600760EB8;
					};
				};
			};
			buildConfigurationList = DBF292561F9EBC8600760EB8 /* Build configuration list for PBXProject "Chronicles" */;
			compatibilityVersion = "Xcode 8.0";
			developmentRegion = en;
			hasScannedForEncodings = 0;
			knownRegions = (
				en,
				Base,
			);
			mainGroup = DBF292521F9EBC8600760EB8;
			productRefGroup = DBF2925C1F9EBC8600760EB8 /* Products */;
			projectDirPath = "";
			projectRoot = "";
			targets = (
				DBF2925A1F9EBC8600760EB8 /* Chronicles */,
				DBF292711F9EBC8600760EB8 /* ChroniclesTests */,
				DBF2927C1F9EBC8600760EB8 /* ChroniclesUITests */,
			);
		};
/* End PBXProject section */

/* Begin PBXResourcesBuildPhase section */
		DBF292591F9EBC8600760EB8 /* Resources */ = {
			isa = PBXResourcesBuildPhase;
			buildActionMask = 2147483647;
			files = (
				DBF2926C1F9EBC8600760EB8 /* LaunchScreen.storyboard in Resources */,
				DBF292691F9EBC8600760EB8 /* Assets.xcassets in Resources */,
				DBF292641F9EBC8600760EB8 /* Main.storyboard in Resources */,
			);
			runOnlyForDeploymentPostprocessing = 0;
		};
		DBF292701F9EBC8600760EB8 /* Resources */ = {
			isa = PBXResourcesBuildPhase;
			buildActionMask = 2147483647;
			files = (
			);
			runOnlyForDeploymentPostprocessing = 0;
		};
		DBF2927B1F9EBC8600760EB8 /* Resources */ = {
			isa = PBXResourcesBuildPhase;
			buildActionMask = 2147483647;
			files = (
			);
			runOnlyForDeploymentPostprocessing = 0;
		};
/* End PBXResourcesBuildPhase section */

/* Begin PBXShellScriptBuildPhase section */
		152CA11955BCAF82ED1DED05 /* [CP] Embed Pods Frameworks */ = {
			isa = PBXShellScriptBuildPhase;
			buildActionMask = 2147483647;
			files = (
			);
			inputPaths = (
				"${SRCROOT}/Pods/Target Support Files/Pods-Chronicles/Pods-Chronicles-frameworks.sh",
				"${BUILT_PRODUCTS_DIR}/RxCocoa/RxCocoa.framework",
				"${BUILT_PRODUCTS_DIR}/RxSwift/RxSwift.framework",
			);
			name = "[CP] Embed Pods Frameworks";
			outputPaths = (
				"${TARGET_BUILD_DIR}/${FRAMEWORKS_FOLDER_PATH}/RxCocoa.framework",
				"${TARGET_BUILD_DIR}/${FRAMEWORKS_FOLDER_PATH}/RxSwift.framework",
			);
			runOnlyForDeploymentPostprocessing = 0;
			shellPath = /bin/sh;
			shellScript = "\"${SRCROOT}/Pods/Target Support Files/Pods-Chronicles/Pods-Chronicles-frameworks.sh\"\n";
			showEnvVarsInLog = 0;
		};
		711A25A7A7409BBBFD2EFCB3 /* [CP] Check Pods Manifest.lock */ = {
			isa = PBXShellScriptBuildPhase;
			buildActionMask = 2147483647;
			files = (
			);
			inputPaths = (
				"${PODS_PODFILE_DIR_PATH}/Podfile.lock",
				"${PODS_ROOT}/Manifest.lock",
			);
			name = "[CP] Check Pods Manifest.lock";
			outputPaths = (
				"$(DERIVED_FILE_DIR)/Pods-Chronicles-checkManifestLockResult.txt",
			);
			runOnlyForDeploymentPostprocessing = 0;
			shellPath = /bin/sh;
			shellScript = "diff \"${PODS_PODFILE_DIR_PATH}/Podfile.lock\" \"${PODS_ROOT}/Manifest.lock\" > /dev/null\nif [ $? != 0 ] ; then\n    # print error to STDERR\n    echo \"error: The sandbox is not in sync with the Podfile.lock. Run 'pod install' or update your CocoaPods installation.\" >&2\n    exit 1\nfi\n# This output is used by Xcode 'outputs' to avoid re-running this script phase.\necho \"SUCCESS\" > \"${SCRIPT_OUTPUT_FILE_0}\"\n";
			showEnvVarsInLog = 0;
		};
		AA7B64BBE522877FA9D08068 /* [CP] Copy Pods Resources */ = {
			isa = PBXShellScriptBuildPhase;
			buildActionMask = 2147483647;
			files = (
			);
			inputPaths = (
				"${SRCROOT}/Pods/Target Support Files/Pods-Chronicles/Pods-Chronicles-resources.sh",
				"${PODS_ROOT}/TwitterKit/iOS/TwitterKit.framework/TwitterKitResources.bundle",
				"${PODS_ROOT}/TwitterKit/iOS/TwitterKit.framework/TwitterShareExtensionUIResources.bundle",
			);
			name = "[CP] Copy Pods Resources";
			outputPaths = (
				"${TARGET_BUILD_DIR}/${UNLOCALIZED_RESOURCES_FOLDER_PATH}",
			);
			runOnlyForDeploymentPostprocessing = 0;
			shellPath = /bin/sh;
			shellScript = "\"${SRCROOT}/Pods/Target Support Files/Pods-Chronicles/Pods-Chronicles-resources.sh\"\n";
			showEnvVarsInLog = 0;
		};
/* End PBXShellScriptBuildPhase section */

/* Begin PBXSourcesBuildPhase section */
		DBF292571F9EBC8600760EB8 /* Sources */ = {
			isa = PBXSourcesBuildPhase;
			buildActionMask = 2147483647;
			files = (
				DBCD843E1FC099D700B60590 /* JobsViewModel.swift in Sources */,
				DBF292941FABE04D00760EB8 /* JobsTableViewController.swift in Sources */,
				DBCD84401FC0D2DB00B60590 /* JobDataEntryViewController.swift in Sources */,
				DB4896031FB0E06800D3AA43 /* NavigationController.swift in Sources */,
				DB32F4A81FB8A6F0007BB2F2 /* HomeInputViewController.swift in Sources */,
				DB32F4A51FB7BA30007BB2F2 /* HomeDataModelExtensions.swift in Sources */,
				DBCD84471FC1FEB000B60590 /* JobTableCell.swift in Sources */,
				DBF292671F9EBC8600760EB8 /* Chronicles.xcdatamodeld in Sources */,
				DB327AEE1FB622ED00EAA75D /* HomeDataAccessModel.swift in Sources */,
				DB327AEC1FB6181300EAA75D /* HomeViewModel.swift in Sources */,
				DBAEFB011FCA28BD0020CDAC /* PersonDataModelExtension.swift in Sources */,
				DBF292921FABD2C600760EB8 /* ChroniclesTabBarController.swift in Sources */,
				DBAEFAFF1FC5C96C0020CDAC /* PersonDataAccessModel.swift in Sources */,
				DBF292611F9EBC8600760EB8 /* HomeViewController.swift in Sources */,
				DBEEC0E51FBBCE9000CA8F55 /* JobsDataModelExtensions.swift in Sources */,
				DBF2925F1F9EBC8600760EB8 /* AppDelegate.swift in Sources */,
				DBCD84441FC1FB2900B60590 /* JobsTableView.swift in Sources */,
				DBCD84491FC2096B00B60590 /* JobsTableDataSource.swift in Sources */,
				DBF292901FAA82A400760EB8 /* Constants.swift in Sources */,
				DB0956801FCB33DD006BB7D1 /* DataAccessModelBase.swift in Sources */,
				DB32F4AB1FB8C337007BB2F2 /* Dismissal.swift in Sources */,
				DBAEFAFD1FC38CC20020CDAC /* HomeDashboardView.swift in Sources */,
				DBEEC0E31FBBCC6500CA8F55 /* JobDataAccessModel.swift in Sources */,
			);
			runOnlyForDeploymentPostprocessing = 0;
		};
		DBF2926E1F9EBC8600760EB8 /* Sources */ = {
			isa = PBXSourcesBuildPhase;
			buildActionMask = 2147483647;
			files = (
				DBF292771F9EBC8600760EB8 /* ChroniclesTests.swift in Sources */,
			);
			runOnlyForDeploymentPostprocessing = 0;
		};
		DBF292791F9EBC8600760EB8 /* Sources */ = {
			isa = PBXSourcesBuildPhase;
			buildActionMask = 2147483647;
			files = (
				DBF292821F9EBC8600760EB8 /* ChroniclesUITests.swift in Sources */,
			);
			runOnlyForDeploymentPostprocessing = 0;
		};
/* End PBXSourcesBuildPhase section */

/* Begin PBXTargetDependency section */
		DBF292741F9EBC8600760EB8 /* PBXTargetDependency */ = {
			isa = PBXTargetDependency;
			target = DBF2925A1F9EBC8600760EB8 /* Chronicles */;
			targetProxy = DBF292731F9EBC8600760EB8 /* PBXContainerItemProxy */;
		};
		DBF2927F1F9EBC8600760EB8 /* PBXTargetDependency */ = {
			isa = PBXTargetDependency;
			target = DBF2925A1F9EBC8600760EB8 /* Chronicles */;
			targetProxy = DBF2927E1F9EBC8600760EB8 /* PBXContainerItemProxy */;
		};
/* End PBXTargetDependency section */

/* Begin PBXVariantGroup section */
		DBF292621F9EBC8600760EB8 /* Main.storyboard */ = {
			isa = PBXVariantGroup;
			children = (
				DBF292631F9EBC8600760EB8 /* Base */,
			);
			name = Main.storyboard;
			sourceTree = "<group>";
		};
		DBF2926A1F9EBC8600760EB8 /* LaunchScreen.storyboard */ = {
			isa = PBXVariantGroup;
			children = (
				DBF2926B1F9EBC8600760EB8 /* Base */,
			);
			name = LaunchScreen.storyboard;
			sourceTree = "<group>";
		};
/* End PBXVariantGroup section */

/* Begin XCBuildConfiguration section */
		DBF292841F9EBC8600760EB8 /* Debug */ = {
			isa = XCBuildConfiguration;
			buildSettings = {
				ALWAYS_SEARCH_USER_PATHS = NO;
				CLANG_ANALYZER_NONNULL = YES;
				CLANG_ANALYZER_NUMBER_OBJECT_CONVERSION = YES_AGGRESSIVE;
				CLANG_CXX_LANGUAGE_STANDARD = "gnu++14";
				CLANG_CXX_LIBRARY = "libc++";
				CLANG_ENABLE_MODULES = YES;
				CLANG_ENABLE_OBJC_ARC = YES;
				CLANG_WARN_BLOCK_CAPTURE_AUTORELEASING = YES;
				CLANG_WARN_BOOL_CONVERSION = YES;
				CLANG_WARN_COMMA = YES;
				CLANG_WARN_CONSTANT_CONVERSION = YES;
				CLANG_WARN_DIRECT_OBJC_ISA_USAGE = YES_ERROR;
				CLANG_WARN_DOCUMENTATION_COMMENTS = YES;
				CLANG_WARN_EMPTY_BODY = YES;
				CLANG_WARN_ENUM_CONVERSION = YES;
				CLANG_WARN_INFINITE_RECURSION = YES;
				CLANG_WARN_INT_CONVERSION = YES;
				CLANG_WARN_NON_LITERAL_NULL_CONVERSION = YES;
				CLANG_WARN_OBJC_LITERAL_CONVERSION = YES;
				CLANG_WARN_OBJC_ROOT_CLASS = YES_ERROR;
				CLANG_WARN_RANGE_LOOP_ANALYSIS = YES;
				CLANG_WARN_STRICT_PROTOTYPES = YES;
				CLANG_WARN_SUSPICIOUS_MOVE = YES;
				CLANG_WARN_UNGUARDED_AVAILABILITY = YES_AGGRESSIVE;
				CLANG_WARN_UNREACHABLE_CODE = YES;
				CLANG_WARN__DUPLICATE_METHOD_MATCH = YES;
				CODE_SIGN_IDENTITY = "iPhone Developer";
				COPY_PHASE_STRIP = NO;
				DEBUG_INFORMATION_FORMAT = dwarf;
				ENABLE_STRICT_OBJC_MSGSEND = YES;
				ENABLE_TESTABILITY = YES;
				GCC_C_LANGUAGE_STANDARD = gnu11;
				GCC_DYNAMIC_NO_PIC = NO;
				GCC_NO_COMMON_BLOCKS = YES;
				GCC_OPTIMIZATION_LEVEL = 0;
				GCC_PREPROCESSOR_DEFINITIONS = (
					"DEBUG=1",
					"$(inherited)",
				);
				GCC_WARN_64_TO_32_BIT_CONVERSION = YES;
				GCC_WARN_ABOUT_RETURN_TYPE = YES_ERROR;
				GCC_WARN_UNDECLARED_SELECTOR = YES;
				GCC_WARN_UNINITIALIZED_AUTOS = YES_AGGRESSIVE;
				GCC_WARN_UNUSED_FUNCTION = YES;
				GCC_WARN_UNUSED_VARIABLE = YES;
				IPHONEOS_DEPLOYMENT_TARGET = 11.0;
				MTL_ENABLE_DEBUG_INFO = YES;
				ONLY_ACTIVE_ARCH = YES;
				SDKROOT = iphoneos;
				SWIFT_ACTIVE_COMPILATION_CONDITIONS = DEBUG;
				SWIFT_OPTIMIZATION_LEVEL = "-Onone";
			};
			name = Debug;
		};
		DBF292851F9EBC8600760EB8 /* Release */ = {
			isa = XCBuildConfiguration;
			buildSettings = {
				ALWAYS_SEARCH_USER_PATHS = NO;
				CLANG_ANALYZER_NONNULL = YES;
				CLANG_ANALYZER_NUMBER_OBJECT_CONVERSION = YES_AGGRESSIVE;
				CLANG_CXX_LANGUAGE_STANDARD = "gnu++14";
				CLANG_CXX_LIBRARY = "libc++";
				CLANG_ENABLE_MODULES = YES;
				CLANG_ENABLE_OBJC_ARC = YES;
				CLANG_WARN_BLOCK_CAPTURE_AUTORELEASING = YES;
				CLANG_WARN_BOOL_CONVERSION = YES;
				CLANG_WARN_COMMA = YES;
				CLANG_WARN_CONSTANT_CONVERSION = YES;
				CLANG_WARN_DIRECT_OBJC_ISA_USAGE = YES_ERROR;
				CLANG_WARN_DOCUMENTATION_COMMENTS = YES;
				CLANG_WARN_EMPTY_BODY = YES;
				CLANG_WARN_ENUM_CONVERSION = YES;
				CLANG_WARN_INFINITE_RECURSION = YES;
				CLANG_WARN_INT_CONVERSION = YES;
				CLANG_WARN_NON_LITERAL_NULL_CONVERSION = YES;
				CLANG_WARN_OBJC_LITERAL_CONVERSION = YES;
				CLANG_WARN_OBJC_ROOT_CLASS = YES_ERROR;
				CLANG_WARN_RANGE_LOOP_ANALYSIS = YES;
				CLANG_WARN_STRICT_PROTOTYPES = YES;
				CLANG_WARN_SUSPICIOUS_MOVE = YES;
				CLANG_WARN_UNGUARDED_AVAILABILITY = YES_AGGRESSIVE;
				CLANG_WARN_UNREACHABLE_CODE = YES;
				CLANG_WARN__DUPLICATE_METHOD_MATCH = YES;
				CODE_SIGN_IDENTITY = "iPhone Developer";
				COPY_PHASE_STRIP = NO;
				DEBUG_INFORMATION_FORMAT = "dwarf-with-dsym";
				ENABLE_NS_ASSERTIONS = NO;
				ENABLE_STRICT_OBJC_MSGSEND = YES;
				GCC_C_LANGUAGE_STANDARD = gnu11;
				GCC_NO_COMMON_BLOCKS = YES;
				GCC_WARN_64_TO_32_BIT_CONVERSION = YES;
				GCC_WARN_ABOUT_RETURN_TYPE = YES_ERROR;
				GCC_WARN_UNDECLARED_SELECTOR = YES;
				GCC_WARN_UNINITIALIZED_AUTOS = YES_AGGRESSIVE;
				GCC_WARN_UNUSED_FUNCTION = YES;
				GCC_WARN_UNUSED_VARIABLE = YES;
				IPHONEOS_DEPLOYMENT_TARGET = 11.0;
				MTL_ENABLE_DEBUG_INFO = NO;
				SDKROOT = iphoneos;
				SWIFT_OPTIMIZATION_LEVEL = "-Owholemodule";
				VALIDATE_PRODUCT = YES;
			};
			name = Release;
		};
		DBF292871F9EBC8600760EB8 /* Debug */ = {
			isa = XCBuildConfiguration;
			baseConfigurationReference = 49BD6E09D50120CDAC813312 /* Pods-Chronicles.debug.xcconfig */;
			buildSettings = {
				ASSETCATALOG_COMPILER_APPICON_NAME = AppIcon;
				CODE_SIGN_STYLE = Automatic;
				DEVELOPMENT_TEAM = 8TS3DJKGBE;
				INFOPLIST_FILE = Chronicles/Info.plist;
				LD_RUNPATH_SEARCH_PATHS = "$(inherited) @executable_path/Frameworks";
				PRODUCT_BUNDLE_IDENTIFIER = com.airecodes.Chronicles;
				PRODUCT_NAME = "$(TARGET_NAME)";
				SWIFT_VERSION = 4.0;
				TARGETED_DEVICE_FAMILY = "1,2";
			};
			name = Debug;
		};
		DBF292881F9EBC8600760EB8 /* Release */ = {
			isa = XCBuildConfiguration;
			baseConfigurationReference = 6A11DE656FF94EF8085E2895 /* Pods-Chronicles.release.xcconfig */;
			buildSettings = {
				ASSETCATALOG_COMPILER_APPICON_NAME = AppIcon;
				CODE_SIGN_STYLE = Automatic;
				DEVELOPMENT_TEAM = 8TS3DJKGBE;
				INFOPLIST_FILE = Chronicles/Info.plist;
				LD_RUNPATH_SEARCH_PATHS = "$(inherited) @executable_path/Frameworks";
				PRODUCT_BUNDLE_IDENTIFIER = com.airecodes.Chronicles;
				PRODUCT_NAME = "$(TARGET_NAME)";
				SWIFT_VERSION = 4.0;
				TARGETED_DEVICE_FAMILY = "1,2";
			};
			name = Release;
		};
		DBF2928A1F9EBC8600760EB8 /* Debug */ = {
			isa = XCBuildConfiguration;
			buildSettings = {
				ALWAYS_EMBED_SWIFT_STANDARD_LIBRARIES = YES;
				BUNDLE_LOADER = "$(TEST_HOST)";
				CODE_SIGN_STYLE = Automatic;
				INFOPLIST_FILE = ChroniclesTests/Info.plist;
				LD_RUNPATH_SEARCH_PATHS = "$(inherited) @executable_path/Frameworks @loader_path/Frameworks";
				PRODUCT_BUNDLE_IDENTIFIER = com.airecodes.ChroniclesTests;
				PRODUCT_NAME = "$(TARGET_NAME)";
				SWIFT_VERSION = 4.0;
				TARGETED_DEVICE_FAMILY = "1,2";
				TEST_HOST = "$(BUILT_PRODUCTS_DIR)/Chronicles.app/Chronicles";
			};
			name = Debug;
		};
		DBF2928B1F9EBC8600760EB8 /* Release */ = {
			isa = XCBuildConfiguration;
			buildSettings = {
				ALWAYS_EMBED_SWIFT_STANDARD_LIBRARIES = YES;
				BUNDLE_LOADER = "$(TEST_HOST)";
				CODE_SIGN_STYLE = Automatic;
				INFOPLIST_FILE = ChroniclesTests/Info.plist;
				LD_RUNPATH_SEARCH_PATHS = "$(inherited) @executable_path/Frameworks @loader_path/Frameworks";
				PRODUCT_BUNDLE_IDENTIFIER = com.airecodes.ChroniclesTests;
				PRODUCT_NAME = "$(TARGET_NAME)";
				SWIFT_VERSION = 4.0;
				TARGETED_DEVICE_FAMILY = "1,2";
				TEST_HOST = "$(BUILT_PRODUCTS_DIR)/Chronicles.app/Chronicles";
			};
			name = Release;
		};
		DBF2928D1F9EBC8600760EB8 /* Debug */ = {
			isa = XCBuildConfiguration;
			buildSettings = {
				ALWAYS_EMBED_SWIFT_STANDARD_LIBRARIES = YES;
				CODE_SIGN_STYLE = Automatic;
				INFOPLIST_FILE = ChroniclesUITests/Info.plist;
				LD_RUNPATH_SEARCH_PATHS = "$(inherited) @executable_path/Frameworks @loader_path/Frameworks";
				PRODUCT_BUNDLE_IDENTIFIER = com.airecodes.ChroniclesUITests;
				PRODUCT_NAME = "$(TARGET_NAME)";
				SWIFT_VERSION = 4.0;
				TARGETED_DEVICE_FAMILY = "1,2";
				TEST_TARGET_NAME = Chronicles;
			};
			name = Debug;
		};
		DBF2928E1F9EBC8600760EB8 /* Release */ = {
			isa = XCBuildConfiguration;
			buildSettings = {
				ALWAYS_EMBED_SWIFT_STANDARD_LIBRARIES = YES;
				CODE_SIGN_STYLE = Automatic;
				INFOPLIST_FILE = ChroniclesUITests/Info.plist;
				LD_RUNPATH_SEARCH_PATHS = "$(inherited) @executable_path/Frameworks @loader_path/Frameworks";
				PRODUCT_BUNDLE_IDENTIFIER = com.airecodes.ChroniclesUITests;
				PRODUCT_NAME = "$(TARGET_NAME)";
				SWIFT_VERSION = 4.0;
				TARGETED_DEVICE_FAMILY = "1,2";
				TEST_TARGET_NAME = Chronicles;
			};
			name = Release;
		};
/* End XCBuildConfiguration section */

/* Begin XCConfigurationList section */
		DBF292561F9EBC8600760EB8 /* Build configuration list for PBXProject "Chronicles" */ = {
			isa = XCConfigurationList;
			buildConfigurations = (
				DBF292841F9EBC8600760EB8 /* Debug */,
				DBF292851F9EBC8600760EB8 /* Release */,
			);
			defaultConfigurationIsVisible = 0;
			defaultConfigurationName = Release;
		};
		DBF292861F9EBC8600760EB8 /* Build configuration list for PBXNativeTarget "Chronicles" */ = {
			isa = XCConfigurationList;
			buildConfigurations = (
				DBF292871F9EBC8600760EB8 /* Debug */,
				DBF292881F9EBC8600760EB8 /* Release */,
			);
			defaultConfigurationIsVisible = 0;
			defaultConfigurationName = Release;
		};
		DBF292891F9EBC8600760EB8 /* Build configuration list for PBXNativeTarget "ChroniclesTests" */ = {
			isa = XCConfigurationList;
			buildConfigurations = (
				DBF2928A1F9EBC8600760EB8 /* Debug */,
				DBF2928B1F9EBC8600760EB8 /* Release */,
			);
			defaultConfigurationIsVisible = 0;
			defaultConfigurationName = Release;
		};
		DBF2928C1F9EBC8600760EB8 /* Build configuration list for PBXNativeTarget "ChroniclesUITests" */ = {
			isa = XCConfigurationList;
			buildConfigurations = (
				DBF2928D1F9EBC8600760EB8 /* Debug */,
				DBF2928E1F9EBC8600760EB8 /* Release */,
			);
			defaultConfigurationIsVisible = 0;
			defaultConfigurationName = Release;
		};
/* End XCConfigurationList section */

/* Begin XCVersionGroup section */
		DBF292651F9EBC8600760EB8 /* Chronicles.xcdatamodeld */ = {
			isa = XCVersionGroup;
			children = (
				DBF292661F9EBC8600760EB8 /* Chronicles.xcdatamodel */,
			);
			currentVersion = DBF292661F9EBC8600760EB8 /* Chronicles.xcdatamodel */;
			path = Chronicles.xcdatamodeld;
			sourceTree = "<group>";
			versionGroupType = wrapper.xcdatamodel;
		};
/* End XCVersionGroup section */
	};
	rootObject = DBF292531F9EBC8600760EB8 /* Project object */;
}
